
Microsoft Visual Studio Solution File, Format Version 12.00
# Visual Studio Version 16
VisualStudioVersion = 16.0.29613.14
MinimumVisualStudioVersion = 10.0.40219.1
Project("{FAE04EC0-301F-11D3-BF4B-00C04F79EFBC}") = "DineArvningerServiceApi", "DineArvningerServiceApi\DineArvningerServiceApi.csproj", "{7780B3DB-2EF3-441D-A399-7BD9E08F3465}"
EndProject
Project("{FAE04EC0-301F-11D3-BF4B-00C04F79EFBC}") = "DineArvningerServiceApi.Tests", "DineArvningerServiceApi.Tests\DineArvningerServiceApi.Tests.csproj", "{9F51A020-E807-48F7-9C8C-C91C83E7CDFC}"
EndProject
Project("{FAE04EC0-301F-11D3-BF4B-00C04F79EFBC}") = "DBAccess", "DBAccess\DBAccess.csproj", "{E0A5CCEF-8CB3-4808-8D17-F8739796AE58}"
EndProject
Global
	GlobalSection(SolutionConfigurationPlatforms) = preSolution
		Debug|Any CPU = Debug|Any CPU
		Release|Any CPU = Release|Any CPU
	EndGlobalSection
	GlobalSection(ProjectConfigurationPlatforms) = postSolution
		{7780B3DB-2EF3-441D-A399-7BD9E08F3465}.Debug|Any CPU.ActiveCfg = Debug|Any CPU
		{7780B3DB-2EF3-441D-A399-7BD9E08F3465}.Debug|Any CPU.Build.0 = Debug|Any CPU
		{7780B3DB-2EF3-441D-A399-7BD9E08F3465}.Release|Any CPU.ActiveCfg = Release|Any CPU
		{7780B3DB-2EF3-441D-A399-7BD9E08F3465}.Release|Any CPU.Build.0 = Release|Any CPU
		{9F51A020-E807-48F7-9C8C-C91C83E7CDFC}.Debug|Any CPU.ActiveCfg = Debug|Any CPU
		{9F51A020-E807-48F7-9C8C-C91C83E7CDFC}.Debug|Any CPU.Build.0 = Debug|Any CPU
		{9F51A020-E807-48F7-9C8C-C91C83E7CDFC}.Release|Any CPU.ActiveCfg = Release|Any CPU
		{9F51A020-E807-48F7-9C8C-C91C83E7CDFC}.Release|Any CPU.Build.0 = Release|Any CPU
		{E0A5CCEF-8CB3-4808-8D17-F8739796AE58}.Debug|Any CPU.ActiveCfg = Debug|Any CPU
		{E0A5CCEF-8CB3-4808-8D17-F8739796AE58}.Debug|Any CPU.Build.0 = Debug|Any CPU
		{E0A5CCEF-8CB3-4808-8D17-F8739796AE58}.Release|Any CPU.ActiveCfg = Release|Any CPU
		{E0A5CCEF-8CB3-4808-8D17-F8739796AE58}.Release|Any CPU.Build.0 = Release|Any CPU
	EndGlobalSection
	GlobalSection(SolutionProperties) = preSolution
		HideSolutionNode = FALSE
	EndGlobalSection
	GlobalSection(ExtensibilityGlobals) = postSolution
		SolutionGuid = {54724BFB-36BE-41DA-AA5B-FB9405AC6026}
	EndGlobalSection
EndGlobal
